{
  "originHash" : "9e71679f9d9d68beeee0e61d5bf82c180cf99dfd18f76c5bb89053f788479267",
  "pins" : [
    {
      "identity" : "oepnv-wallet-plugin-api",
      "kind" : "localSourceControl",
      "location" : "/Users/jonas/Entwicklung/Xcode/OEPNV-Wallet-Plugin-API",
      "state" : {
        "branch" : "main",
        "revision" : "77ba09ea6100534e74b611524e0d06601521e666"
      }
    }
  ],
  "version" : 3
}
