{
  "originHash" : "6e0a82e4282471070683423129b2695d66e0055e5ac55b881c8d04db7f6acc6c",
  "pins" : [
    {
      "identity" : "oepnv-wallet-plugin-api",
      "kind" : "localSourceControl",
      "location" : "/Users/jonas/Entwicklung/Xcode/OEPNV-Wallet-Plugin-API",
      "state" : {
        "branch" : "main",
        "revision" : "d0b2898d2e67333fae4271a05a1b4e8c73ced3d3"
      }
    }
  ],
  "version" : 3
}
