{
  "originHash" : "6e0a82e4282471070683423129b2695d66e0055e5ac55b881c8d04db7f6acc6c",
  "pins" : [
    {
      "identity" : "oepnv-wallet-plugin-api",
      "kind" : "localSourceControl",
      "location" : "/Users/jonas/Entwicklung/Xcode/OEPNV-Wallet-Plugin-API",
      "state" : {
        "branch" : "main",
        "revision" : "5b474e75fd05756320ce2fb20eba298ab28a0023"
      }
    }
  ],
  "version" : 3
}
